// !$*UTF8*$!
{
	archiveVersion = 1;
	classes = {
	};
	objectVersion = 50;
	objects = {

/* Begin PBXBuildFile section */
		375CD1DA215B461A00C76FDC /* AppDelegate.swift in Sources */ = {isa = PBXBuildFile; fileRef = 375CD1D9215B461A00C76FDC /* AppDelegate.swift */; };
		375CD1DC215B461A00C76FDC /* ViewController.swift in Sources */ = {isa = PBXBuildFile; fileRef = 375CD1DB215B461A00C76FDC /* ViewController.swift */; };
		375CD1DF215B461A00C76FDC /* Main.storyboard in Resources */ = {isa = PBXBuildFile; fileRef = 375CD1DD215B461A00C76FDC /* Main.storyboard */; };
		375CD1E1215B461B00C76FDC /* Assets.xcassets in Resources */ = {isa = PBXBuildFile; fileRef = 375CD1E0215B461B00C76FDC /* Assets.xcassets */; };
		375CD1E4215B461B00C76FDC /* LaunchScreen.storyboard in Resources */ = {isa = PBXBuildFile; fileRef = 375CD1E2215B461B00C76FDC /* LaunchScreen.storyboard */; };
		375CD1EF215B461B00C76FDC /* ExchangeRatesTests.swift in Sources */ = {isa = PBXBuildFile; fileRef = 375CD1EE215B461B00C76FDC /* ExchangeRatesTests.swift */; };
/* End PBXBuildFile section */

/* Begin PBXContainerItemProxy section */
		375CD1EB215B461B00C76FDC /* PBXContainerItemProxy */ = {
			isa = PBXContainerItemProxy;
			containerPortal = 375CD1CE215B461A00C76FDC /* Project object */;
			proxyType = 1;
			remoteGlobalIDString = 375CD1D5215B461A00C76FDC;
			remoteInfo = ExchangeRates;
		};
/* End PBXContainerItemProxy section */

/* Begin PBXFileReference section */
		375CD1D6215B461A00C76FDC /* ExchangeRates.app */ = {isa = PBXFileReference; explicitFileType = wrapper.application; includeInIndex = 0; path = ExchangeRates.app; sourceTree = BUILT_PRODUCTS_DIR; };
		375CD1D9215B461A00C76FDC /* AppDelegate.swift */ = {isa = PBXFileReference; lastKnownFileType = sourcecode.swift; path = AppDelegate.swift; sourceTree = "<group>"; };
		375CD1DB215B461A00C76FDC /* ViewController.swift */ = {isa = PBXFileReference; lastKnownFileType = sourcecode.swift; path = ViewController.swift; sourceTree = "<group>"; };
		375CD1DE215B461A00C76FDC /* Base */ = {isa = PBXFileReference; lastKnownFileType = file.storyboard; name = Base; path = Base.lproj/Main.storyboard; sourceTree = "<group>"; };
		375CD1E0215B461B00C76FDC /* Assets.xcassets */ = {isa = PBXFileReference; lastKnownFileType = folder.assetcatalog; path = Assets.xcassets; sourceTree = "<group>"; };
		375CD1E3215B461B00C76FDC /* Base */ = {isa = PBXFileReference; lastKnownFileType = file.storyboard; name = Base; path = Base.lproj/LaunchScreen.storyboard; sourceTree = "<group>"; };
		375CD1E5215B461B00C76FDC /* Info.plist */ = {isa = PBXFileReference; lastKnownFileType = text.plist.xml; path = Info.plist; sourceTree = "<group>"; };
		375CD1EA215B461B00C76FDC /* ExchangeRatesTests.xctest */ = {isa = PBXFileReference; explicitFileType = wrapper.cfbundle; includeInIndex = 0; path = ExchangeRatesTests.xctest; sourceTree = BUILT_PRODUCTS_DIR; };
		375CD1EE215B461B00C76FDC /* ExchangeRatesTests.swift */ = {isa = PBXFileReference; lastKnownFileType = sourcecode.swift; path = ExchangeRatesTests.swift; sourceTree = "<group>"; };
		375CD1F0215B461B00C76FDC /* Info.plist */ = {isa = PBXFileReference; lastKnownFileType = text.plist.xml; path = Info.plist; sourceTree = "<group>"; };
/* End PBXFileReference section */

/* Begin PBXFrameworksBuildPhase section */
		375CD1D3215B461A00C76FDC /* Frameworks */ = {
			isa = PBXFrameworksBuildPhase;
			buildActionMask = 2147483647;
			files = (
			);
			runOnlyForDeploymentPostprocessing = 0;
		};
		375CD1E7215B461B00C76FDC /* Frameworks */ = {
			isa = PBXFrameworksBuildPhase;
			buildActionMask = 2147483647;
			files = (
			);
			runOnlyForDeploymentPostprocessing = 0;
		};
/* End PBXFrameworksBuildPhase section */

/* Begin PBXGroup section */
		375CD1CD215B461A00C76FDC = {
			isa = PBXGroup;
			children = (
				375CD1D8215B461A00C76FDC /* ExchangeRates */,
				375CD1ED215B461B00C76FDC /* ExchangeRatesTests */,
				375CD1D7215B461A00C76FDC /* Products */,
			);
			sourceTree = "<group>";
		};
		375CD1D7215B461A00C76FDC /* Products */ = {
			isa = PBXGroup;
			children = (
				375CD1D6215B461A00C76FDC /* ExchangeRates.app */,
				375CD1EA215B461B00C76FDC /* ExchangeRatesTests.xctest */,
			);
			name = Products;
			sourceTree = "<group>";
		};
		375CD1D8215B461A00C76FDC /* ExchangeRates */ = {
			isa = PBXGroup;
			children = (
				375CD1D9215B461A00C76FDC /* AppDelegate.swift */,
				375CD1DB215B461A00C76FDC /* ViewController.swift */,
				375CD1DD215B461A00C76FDC /* Main.storyboard */,
				375CD1E0215B461B00C76FDC /* Assets.xcassets */,
				375CD1E2215B461B00C76FDC /* LaunchScreen.storyboard */,
				375CD1E5215B461B00C76FDC /* Info.plist */,
			);
			path = ExchangeRates;
			sourceTree = "<group>";
		};
		375CD1ED215B461B00C76FDC /* ExchangeRatesTests */ = {
			isa = PBXGroup;
			children = (
				375CD1EE215B461B00C76FDC /* ExchangeRatesTests.swift */,
				375CD1F0215B461B00C76FDC /* Info.plist */,
			);
			path = ExchangeRatesTests;
			sourceTree = "<group>";
		};
/* End PBXGroup section */

/* Begin PBXNativeTarget section */
		375CD1D5215B461A00C76FDC /* ExchangeRates */ = {
			isa = PBXNativeTarget;
			buildConfigurationList = 375CD1F3215B461B00C76FDC /* Build configuration list for PBXNativeTarget "ExchangeRates" */;
			buildPhases = (
				375CD1D2215B461A00C76FDC /* Sources */,
				375CD1D3215B461A00C76FDC /* Frameworks */,
				375CD1D4215B461A00C76FDC /* Resources */,
			);
			buildRules = (
			);
			dependencies = (
			);
			name = ExchangeRates;
			productName = ExchangeRates;
			productReference = 375CD1D6215B461A00C76FDC /* ExchangeRates.app */;
			productType = "com.apple.product-type.application";
		};
		375CD1E9215B461B00C76FDC /* ExchangeRatesTests */ = {
			isa = PBXNativeTarget;
			buildConfigurationList = 375CD1F6215B461B00C76FDC /* Build configuration list for PBXNativeTarget "ExchangeRatesTests" */;
			buildPhases = (
				375CD1E6215B461B00C76FDC /* Sources */,
				375CD1E7215B461B00C76FDC /* Frameworks */,
				375CD1E8215B461B00C76FDC /* Resources */,
			);
			buildRules = (
			);
			dependencies = (
				375CD1EC215B461B00C76FDC /* PBXTargetDependency */,
			);
			name = ExchangeRatesTests;
			productName = ExchangeRatesTests;
			productReference = 375CD1EA215B461B00C76FDC /* ExchangeRatesTests.xctest */;
			productType = "com.apple.product-type.bundle.unit-test";
		};
/* End PBXNativeTarget section */

/* Begin PBXProject section */
		375CD1CE215B461A00C76FDC /* Project object */ = {
			isa = PBXProject;
			attributes = {
				LastSwiftUpdateCheck = 1000;
				LastUpgradeCheck = 1000;
				ORGANIZATIONNAME = "Yoshua Elmaryono";
				TargetAttributes = {
					375CD1D5215B461A00C76FDC = {
						CreatedOnToolsVersion = 10.0;
					};
					375CD1E9215B461B00C76FDC = {
						CreatedOnToolsVersion = 10.0;
						TestTargetID = 375CD1D5215B461A00C76FDC;
					};
				};
			};
			buildConfigurationList = 375CD1D1215B461A00C76FDC /* Build configuration list for PBXProject "ExchangeRates" */;
			compatibilityVersion = "Xcode 9.3";
			developmentRegion = en;
			hasScannedForEncodings = 0;
			knownRegions = (
				en,
				Base,
			);
			mainGroup = 375CD1CD215B461A00C76FDC;
			productRefGroup = 375CD1D7215B461A00C76FDC /* Products */;
			projectDirPath = "";
			projectRoot = "";
			targets = (
				375CD1D5215B461A00C76FDC /* ExchangeRates */,
				375CD1E9215B461B00C76FDC /* ExchangeRatesTests */,
			);
		};
/* End PBXProject section */

/* Begin PBXResourcesBuildPhase section */
		375CD1D4215B461A00C76FDC /* Resources */ = {
			isa = PBXResourcesBuildPhase;
			buildActionMask = 2147483647;
			files = (
				375CD1E4215B461B00C76FDC /* LaunchScreen.storyboard in Resources */,
				375CD1E1215B461B00C76FDC /* Assets.xcassets in Resources */,
				375CD1DF215B461A00C76FDC /* Main.storyboard in Resources */,
			);
			runOnlyForDeploymentPostprocessing = 0;
		};
		375CD1E8215B461B00C76FDC /* Resources */ = {
			isa = PBXResourcesBuildPhase;
			buildActionMask = 2147483647;
			files = (
			);
			runOnlyForDeploymentPostprocessing = 0;
		};
/* End PBXResourcesBuildPhase section */

/* Begin PBXSourcesBuildPhase section */
		375CD1D2215B461A00C76FDC /* Sources */ = {
			isa = PBXSourcesBuildPhase;
			buildActionMask = 2147483647;
			files = (
				375CD1DC215B461A00C76FDC /* ViewController.swift in Sources */,
				375CD1DA215B461A00C76FDC /* AppDelegate.swift in Sources */,
			);
			runOnlyForDeploymentPostprocessing = 0;
		};
		375CD1E6215B461B00C76FDC /* Sources */ = {
			isa = PBXSourcesBuildPhase;
			buildActionMask = 2147483647;
			files = (
				375CD1EF215B461B00C76FDC /* ExchangeRatesTests.swift in Sources */,
			);
			runOnlyForDeploymentPostprocessing = 0;
		};
/* End PBXSourcesBuildPhase section */

/* Begin PBXTargetDependency section */
		375CD1EC215B461B00C76FDC /* PBXTargetDependency */ = {
			isa = PBXTargetDependency;
			target = 375CD1D5215B461A00C76FDC /* ExchangeRates */;
			targetProxy = 375CD1EB215B461B00C76FDC /* PBXContainerItemProxy */;
		};
/* End PBXTargetDependency section */

/* Begin PBXVariantGroup section */
		375CD1DD215B461A00C76FDC /* Main.storyboard */ = {
			isa = PBXVariantGroup;
			children = (
				375CD1DE215B461A00C76FDC /* Base */,
			);
			name = Main.storyboard;
			sourceTree = "<group>";
		};
		375CD1E2215B461B00C76FDC /* LaunchScreen.storyboard */ = {
			isa = PBXVariantGroup;
			children = (
				375CD1E3215B461B00C76FDC /* Base */,
			);
			name = LaunchScreen.storyboard;
			sourceTree = "<group>";
		};
/* End PBXVariantGroup section */

/* Begin XCBuildConfiguration section */
		375CD1F1215B461B00C76FDC /* Debug */ = {
			isa = XCBuildConfiguration;
			buildSettings = {
				ALWAYS_SEARCH_USER_PATHS = NO;
				CLANG_ANALYZER_NONNULL = YES;
				CLANG_ANALYZER_NUMBER_OBJECT_CONVERSION = YES_AGGRESSIVE;
				CLANG_CXX_LANGUAGE_STANDARD = "gnu++14";
				CLANG_CXX_LIBRARY = "libc++";
				CLANG_ENABLE_MODULES = YES;
				CLANG_ENABLE_OBJC_ARC = YES;
				CLANG_ENABLE_OBJC_WEAK = YES;
				CLANG_WARN_BLOCK_CAPTURE_AUTORELEASING = YES;
				CLANG_WARN_BOOL_CONVERSION = YES;
				CLANG_WARN_COMMA = YES;
				CLANG_WARN_CONSTANT_CONVERSION = YES;
				CLANG_WARN_DEPRECATED_OBJC_IMPLEMENTATIONS = YES;
				CLANG_WARN_DIRECT_OBJC_ISA_USAGE = YES_ERROR;
				CLANG_WARN_DOCUMENTATION_COMMENTS = YES;
				CLANG_WARN_EMPTY_BODY = YES;
				CLANG_WARN_ENUM_CONVERSION = YES;
				CLANG_WARN_INFINITE_RECURSION = YES;
				CLANG_WARN_INT_CONVERSION = YES;
				CLANG_WARN_NON_LITERAL_NULL_CONVERSION = YES;
				CLANG_WARN_OBJC_IMPLICIT_RETAIN_SELF = YES;
				CLANG_WARN_OBJC_LITERAL_CONVERSION = YES;
				CLANG_WARN_OBJC_ROOT_CLASS = YES_ERROR;
				CLANG_WARN_RANGE_LOOP_ANALYSIS = YES;
				CLANG_WARN_STRICT_PROTOTYPES = YES;
				CLANG_WARN_SUSPICIOUS_MOVE = YES;
				CLANG_WARN_UNGUARDED_AVAILABILITY = YES_AGGRESSIVE;
				CLANG_WARN_UNREACHABLE_CODE = YES;
				CLANG_WARN__DUPLICATE_METHOD_MATCH = YES;
				CODE_SIGN_IDENTITY = "iPhone Developer";
				COPY_PHASE_STRIP = NO;
				DEBUG_INFORMATION_FORMAT = dwarf;
				ENABLE_STRICT_OBJC_MSGSEND = YES;
				ENABLE_TESTABILITY = YES;
				GCC_C_LANGUAGE_STANDARD = gnu11;
				GCC_DYNAMIC_NO_PIC = NO;
				GCC_NO_COMMON_BLOCKS = YES;
				GCC_OPTIMIZATION_LEVEL = 0;
				GCC_PREPROCESSOR_DEFINITIONS = (
					"DEBUG=1",
					"$(inherited)",
				);
				GCC_WARN_64_TO_32_BIT_CONVERSION = YES;
				GCC_WARN_ABOUT_RETURN_TYPE = YES_ERROR;
				GCC_WARN_UNDECLARED_SELECTOR = YES;
				GCC_WARN_UNINITIALIZED_AUTOS = YES_AGGRESSIVE;
				GCC_WARN_UNUSED_FUNCTION = YES;
				GCC_WARN_UNUSED_VARIABLE = YES;
				IPHONEOS_DEPLOYMENT_TARGET = 12.0;
				MTL_ENABLE_DEBUG_INFO = INCLUDE_SOURCE;
				MTL_FAST_MATH = YES;
				ONLY_ACTIVE_ARCH = YES;
				SDKROOT = iphoneos;
				SWIFT_ACTIVE_COMPILATION_CONDITIONS = DEBUG;
				SWIFT_OPTIMIZATION_LEVEL = "-Onone";
			};
			name = Debug;
		};
		375CD1F2215B461B00C76FDC /* Release */ = {
			isa = XCBuildConfiguration;
			buildSettings = {
				ALWAYS_SEARCH_USER_PATHS = NO;
				CLANG_ANALYZER_NONNULL = YES;
				CLANG_ANALYZER_NUMBER_OBJECT_CONVERSION = YES_AGGRESSIVE;
				CLANG_CXX_LANGUAGE_STANDARD = "gnu++14";
				CLANG_CXX_LIBRARY = "libc++";
				CLANG_ENABLE_MODULES = YES;
				CLANG_ENABLE_OBJC_ARC = YES;
				CLANG_ENABLE_OBJC_WEAK = YES;
				CLANG_WARN_BLOCK_CAPTURE_AUTORELEASING = YES;
				CLANG_WARN_BOOL_CONVERSION = YES;
				CLANG_WARN_COMMA = YES;
				CLANG_WARN_CONSTANT_CONVERSION = YES;
				CLANG_WARN_DEPRECATED_OBJC_IMPLEMENTATIONS = YES;
				CLANG_WARN_DIRECT_OBJC_ISA_USAGE = YES_ERROR;
				CLANG_WARN_DOCUMENTATION_COMMENTS = YES;
				CLANG_WARN_EMPTY_BODY = YES;
				CLANG_WARN_ENUM_CONVERSION = YES;
				CLANG_WARN_INFINITE_RECURSION = YES;
				CLANG_WARN_INT_CONVERSION = YES;
				CLANG_WARN_NON_LITERAL_NULL_CONVERSION = YES;
				CLANG_WARN_OBJC_IMPLICIT_RETAIN_SELF = YES;
				CLANG_WARN_OBJC_LITERAL_CONVERSION = YES;
				CLANG_WARN_OBJC_ROOT_CLASS = YES_ERROR;
				CLANG_WARN_RANGE_LOOP_ANALYSIS = YES;
				CLANG_WARN_STRICT_PROTOTYPES = YES;
				CLANG_WARN_SUSPICIOUS_MOVE = YES;
				CLANG_WARN_UNGUARDED_AVAILABILITY = YES_AGGRESSIVE;
				CLANG_WARN_UNREACHABLE_CODE = YES;
				CLANG_WARN__DUPLICATE_METHOD_MATCH = YES;
				CODE_SIGN_IDENTITY = "iPhone Developer";
				COPY_PHASE_STRIP = NO;
				DEBUG_INFORMATION_FORMAT = "dwarf-with-dsym";
				ENABLE_NS_ASSERTIONS = NO;
				ENABLE_STRICT_OBJC_MSGSEND = YES;
				GCC_C_LANGUAGE_STANDARD = gnu11;
				GCC_NO_COMMON_BLOCKS = YES;
				GCC_WARN_64_TO_32_BIT_CONVERSION = YES;
				GCC_WARN_ABOUT_RETURN_TYPE = YES_ERROR;
				GCC_WARN_UNDECLARED_SELECTOR = YES;
				GCC_WARN_UNINITIALIZED_AUTOS = YES_AGGRESSIVE;
				GCC_WARN_UNUSED_FUNCTION = YES;
				GCC_WARN_UNUSED_VARIABLE = YES;
				IPHONEOS_DEPLOYMENT_TARGET = 12.0;
				MTL_ENABLE_DEBUG_INFO = NO;
				MTL_FAST_MATH = YES;
				SDKROOT = iphoneos;
				SWIFT_COMPILATION_MODE = wholemodule;
				SWIFT_OPTIMIZATION_LEVEL = "-O";
				VALIDATE_PRODUCT = YES;
			};
			name = Release;
		};
		375CD1F4215B461B00C76FDC /* Debug */ = {
			isa = XCBuildConfiguration;
			buildSettings = {
				ASSETCATALOG_COMPILER_APPICON_NAME = AppIcon;
				CODE_SIGN_STYLE = Automatic;
				DEVELOPMENT_TEAM = N55A3MSD3W;
				INFOPLIST_FILE = ExchangeRates/Info.plist;
				LD_RUNPATH_SEARCH_PATHS = (
					"$(inherited)",
					"@executable_path/Frameworks",
				);
				PRODUCT_BUNDLE_IDENTIFIER = "yoshua-elmaryono.ExchangeRates";
				PRODUCT_NAME = "$(TARGET_NAME)";
				SWIFT_VERSION = 4.2;
				TARGETED_DEVICE_FAMILY = "1,2";
			};
			name = Debug;
		};
		375CD1F5215B461B00C76FDC /* Release */ = {
			isa = XCBuildConfiguration;
			buildSettings = {
				ASSETCATALOG_COMPILER_APPICON_NAME = AppIcon;
				CODE_SIGN_STYLE = Automatic;
				DEVELOPMENT_TEAM = N55A3MSD3W;
				INFOPLIST_FILE = ExchangeRates/Info.plist;
				LD_RUNPATH_SEARCH_PATHS = (
					"$(inherited)",
					"@executable_path/Frameworks",
				);
				PRODUCT_BUNDLE_IDENTIFIER = "yoshua-elmaryono.ExchangeRates";
				PRODUCT_NAME = "$(TARGET_NAME)";
				SWIFT_VERSION = 4.2;
				TARGETED_DEVICE_FAMILY = "1,2";
			};
			name = Release;
		};
		375CD1F7215B461B00C76FDC /* Debug */ = {
			isa = XCBuildConfiguration;
			buildSettings = {
				ALWAYS_EMBED_SWIFT_STANDARD_LIBRARIES = YES;
				BUNDLE_LOADER = "$(TEST_HOST)";
				CODE_SIGN_STYLE = Automatic;
				DEVELOPMENT_TEAM = N55A3MSD3W;
				INFOPLIST_FILE = ExchangeRatesTests/Info.plist;
				LD_RUNPATH_SEARCH_PATHS = (
					"$(inherited)",
					"@executable_path/Frameworks",
					"@loader_path/Frameworks",
				);
				PRODUCT_BUNDLE_IDENTIFIER = "yoshua-elmaryono.ExchangeRatesTests";
				PRODUCT_NAME = "$(TARGET_NAME)";
				SWIFT_VERSION = 4.2;
				TARGETED_DEVICE_FAMILY = "1,2";
				TEST_HOST = "$(BUILT_PRODUCTS_DIR)/ExchangeRates.app/ExchangeRates";
			};
			name = Debug;
		};
		375CD1F8215B461B00C76FDC /* Release */ = {
			isa = XCBuildConfiguration;
			buildSettings = {
				ALWAYS_EMBED_SWIFT_STANDARD_LIBRARIES = YES;
				BUNDLE_LOADER = "$(TEST_HOST)";
				CODE_SIGN_STYLE = Automatic;
				DEVELOPMENT_TEAM = N55A3MSD3W;
				INFOPLIST_FILE = ExchangeRatesTests/Info.plist;
				LD_RUNPATH_SEARCH_PATHS = (
					"$(inherited)",
					"@executable_path/Frameworks",
					"@loader_path/Frameworks",
				);
				PRODUCT_BUNDLE_IDENTIFIER = "yoshua-elmaryono.ExchangeRatesTests";
				PRODUCT_NAME = "$(TARGET_NAME)";
				SWIFT_VERSION = 4.2;
				TARGETED_DEVICE_FAMILY = "1,2";
				TEST_HOST = "$(BUILT_PRODUCTS_DIR)/ExchangeRates.app/ExchangeRates";
			};
			name = Release;
		};
/* End XCBuildConfiguration section */

/* Begin XCConfigurationList section */
		375CD1D1215B461A00C76FDC /* Build configuration list for PBXProject "ExchangeRates" */ = {
			isa = XCConfigurationList;
			buildConfigurations = (
				375CD1F1215B461B00C76FDC /* Debug */,
				375CD1F2215B461B00C76FDC /* Release */,
			);
			defaultConfigurationIsVisible = 0;
			defaultConfigurationName = Release;
		};
		375CD1F3215B461B00C76FDC /* Build configuration list for PBXNativeTarget "ExchangeRates" */ = {
			isa = XCConfigurationList;
			buildConfigurations = (
				375CD1F4215B461B00C76FDC /* Debug */,
				375CD1F5215B461B00C76FDC /* Release */,
			);
			defaultConfigurationIsVisible = 0;
			defaultConfigurationName = Release;
		};
		375CD1F6215B461B00C76FDC /* Build configuration list for PBXNativeTarget "ExchangeRatesTests" */ = {
			isa = XCConfigurationList;
			buildConfigurations = (
				375CD1F7215B461B00C76FDC /* Debug */,
				375CD1F8215B461B00C76FDC /* Release */,
			);
			defaultConfigurationIsVisible = 0;
			defaultConfigurationName = Release;
		};
/* End XCConfigurationList section */
	};
	rootObject = 375CD1CE215B461A00C76FDC /* Project object */;
}
